<?xml version="1.0" encoding="utf-8"?>
<Project ToolsVersion="4.0" xmlns="http://schemas.microsoft.com/developer/msbuild/2003">
  <ItemGroup>
    <FxCompile Include="Asset\Shader\ClusteredLightCullingCS.hlsl">
      <Filter>Asset\Shader</Filter>
    </FxCompile>
    <FxCompile Include="Asset\Shader\ClusteredRenderingGrid.hlsl">
      <Filter>Asset\Shader</Filter>
    </FxCompile>
    <FxCompile Include="Asset\Shader\ClusterGizmoSetCS.hlsl">
      <Filter>Asset\Shader</Filter>
    </FxCompile>
    <FxCompile Include="Asset\Shader\GizmoLine.hlsl">
      <Filter>Asset\Shader</Filter>
    </FxCompile>
    <FxCompile Include="Asset\Shader\HeightFogShader.hlsl">
      <Filter>Asset\Shader</Filter>
    </FxCompile>
    <FxCompile Include="Asset\Shader\HitProxyShader.hlsl">
      <Filter>Asset\Shader</Filter>
    </FxCompile>
    <FxCompile Include="Asset\Shader\DepthOnly.hlsl">
      <Filter>Asset\Shader</Filter>
    </FxCompile>
    <FxCompile Include="Asset\Shader\LinearDepthOnly.hlsl">
      <Filter>Asset\Shader</Filter>
    </FxCompile>
    <FxCompile Include="Asset\Shader\UberLit.hlsl">
      <Filter>Asset\Shader</Filter>
    </FxCompile>
    <FxCompile Include="Asset\Shader\ViewClusterCS.hlsl">
      <Filter>Asset\Shader</Filter>
    </FxCompile>
    <FxCompile Include="Asset\Shader\SceneDepthShader.hlsl">
      <Filter>Asset\Shader</Filter>
    </FxCompile>
    <FxCompile Include="Asset\Shader\FXAAShader.hlsl">
      <Filter>Asset\Shader</Filter>
    </FxCompile>
    <FxCompile Include="Asset\Shader\DecalShader.hlsl">
      <Filter>Asset\Shader</Filter>
    </FxCompile>
    <FxCompile Include="Asset\Shader\TexturePS.hlsl">
      <Filter>Asset\Shader</Filter>
    </FxCompile>
    <FxCompile Include="Asset\Shader\SampleShader.hlsl">
      <Filter>Asset\Shader</Filter>
    </FxCompile>
    <FxCompile Include="Asset\Shader\BatchLineShader.hlsl">
      <Filter>Asset\Shader</Filter>
    </FxCompile>
    <FxCompile Include="Asset\Shader\ShaderFont.hlsl">
      <Filter>Asset\Shader</Filter>
    </FxCompile>
    <FxCompile Include="Asset\Shader\TextureVS.hlsl">
      <Filter>Asset\Shader</Filter>
    </FxCompile>
  </ItemGroup>
  <ItemGroup>
    <ClCompile Include="pch.cpp" />
    <ClCompile Include="main.cpp" />
    <ClCompile Include="Source\GameMode\Private\GameModeBase.cpp">
      <Filter>Source\GameMode\Private</Filter>
    </ClCompile>
    <ClCompile Include="Source\Pawn\Private\Pawn.cpp">
      <Filter>Source\Pawn\Private</Filter>
    </ClCompile>
    <ClCompile Include="Source\Player\Private\EnemyCharacter.cpp">
      <Filter>Source\Player\Private</Filter>
    </ClCompile>
    <ClCompile Include="Source\Player\Private\PlayerCharacter.cpp">
      <Filter>Source\Player\Private</Filter>
    </ClCompile>
    <ClCompile Include="Source\GamePlay\Private\PlayerController.cpp">
      <Filter>Source\GamePlay\Private</Filter>
    </ClCompile>
    <ClCompile Include="Source\GamePlay\Private\PlayerInput.cpp">
      <Filter>Source\GamePlay\Private</Filter>
    </ClCompile>
    <ClCompile Include="Source\Manager\Coroutine\Private\LuaCoroutineManager.cpp">
      <Filter>Source\Manager\Coroutine\Private</Filter>
    </ClCompile>
    <ClCompile Include="Source\Manager\Asset\Private\AssetManager.cpp">
      <Filter>Source\Manager\Asset\Private</Filter>
    </ClCompile>
    <ClCompile Include="Source\Manager\Asset\Private\ObjImporter.cpp">
      <Filter>Source\Manager\Asset\Private</Filter>
    </ClCompile>
    <ClCompile Include="Source\Manager\Asset\Private\ObjManager.cpp">
      <Filter>Source\Manager\Asset\Private</Filter>
    </ClCompile>
    <ClCompile Include="Source\Manager\Asset\Private\TextureManager.cpp">
      <Filter>Source\Manager\Asset\Private</Filter>
    </ClCompile>
    <ClCompile Include="Source\Manager\Lua\Private\LuaScriptManager.cpp">
      <Filter>Source\Manager\Lua\Private</Filter>
    </ClCompile>
    <ClCompile Include="Source\Manager\Render\Private\CascadeManager.cpp">
      <Filter>Source\Manager\Render\Private</Filter>
    </ClCompile>
    <ClCompile Include="Source\Manager\UI\Private\ViewportManager.cpp">
      <Filter>Source\Manager\UI\Private</Filter>
    </ClCompile>
    <ClCompile Include="Source\Manager\UI\Private\UIManager.cpp">
      <Filter>Source\Manager\UI\Private</Filter>
    </ClCompile>
    <ClCompile Include="Source\Manager\Config\Private\ConfigManager.cpp">
      <Filter>Source\Manager\Config\Private</Filter>
    </ClCompile>
    <ClCompile Include="Source\Manager\Input\Private\InputManager.cpp">
      <Filter>Source\Manager\Input\Private</Filter>
    </ClCompile>
    <ClCompile Include="Source\Manager\Path\Private\PathManager.cpp">
      <Filter>Source\Manager\Path\Private</Filter>
    </ClCompile>
    <ClCompile Include="Source\Manager\Time\Private\TimeManager.cpp">
      <Filter>Source\Manager\Time\Private</Filter>
    </ClCompile>
    <ClCompile Include="Source\Physics\Private\AABB.cpp">
      <Filter>Source\Physics\Private</Filter>
    </ClCompile>
    <ClCompile Include="Source\Physics\Private\BoundingCapsule.cpp">
      <Filter>Source\Physics\Private</Filter>
    </ClCompile>
    <ClCompile Include="Source\Physics\Private\BoundingSphere.cpp">
      <Filter>Source\Physics\Private</Filter>
    </ClCompile>
    <ClCompile Include="Source\Physics\Private\OBB.cpp">
      <Filter>Source\Physics\Private</Filter>
    </ClCompile>
    <ClCompile Include="Source\Actor\Private\Actor.cpp">
      <Filter>Source\Actor\Private</Filter>
    </ClCompile>
    <ClCompile Include="Source\Actor\Private\AmbientLight.cpp">
      <Filter>Source\Actor\Private</Filter>
    </ClCompile>
    <ClCompile Include="Source\Actor\Private\BillBoardActor.cpp">
      <Filter>Source\Actor\Private</Filter>
    </ClCompile>
    <ClCompile Include="Source\Actor\Private\CubeActor.cpp">
      <Filter>Source\Actor\Private</Filter>
    </ClCompile>
    <ClCompile Include="Source\Actor\Private\DecalActor.cpp">
      <Filter>Source\Actor\Private</Filter>
    </ClCompile>
    <ClCompile Include="Source\Actor\Private\DecalSpotLightActor.cpp">
      <Filter>Source\Actor\Private</Filter>
    </ClCompile>
    <ClCompile Include="Source\Actor\Private\DirectionalLight.cpp">
      <Filter>Source\Actor\Private</Filter>
    </ClCompile>
    <ClCompile Include="Source\Actor\Private\HeightFogActor.cpp">
      <Filter>Source\Actor\Private</Filter>
    </ClCompile>
    <ClCompile Include="Source\Actor\Private\Light.cpp">
      <Filter>Source\Actor\Private</Filter>
    </ClCompile>
    <ClCompile Include="Source\Actor\Private\MovingCubeActor.cpp">
      <Filter>Source\Actor\Private</Filter>
    </ClCompile>
    <ClCompile Include="Source\Actor\Private\PointLight.cpp">
      <Filter>Source\Actor\Private</Filter>
    </ClCompile>
    <ClCompile Include="Source\Actor\Private\SphereActor.cpp">
      <Filter>Source\Actor\Private</Filter>
    </ClCompile>
    <ClCompile Include="Source\Actor\Private\SpotLight.cpp">
      <Filter>Source\Actor\Private</Filter>
    </ClCompile>
    <ClCompile Include="Source\Actor\Private\StaticMeshActor.cpp">
      <Filter>Source\Actor\Private</Filter>
    </ClCompile>
    <ClCompile Include="Source\Actor\Private\TextActor.cpp">
      <Filter>Source\Actor\Private</Filter>
    </ClCompile>
    <ClCompile Include="Source\Actor\Private\TriangleActor.cpp">
      <Filter>Source\Actor\Private</Filter>
    </ClCompile>
    <ClCompile Include="Source\Component\Collision\Private\BoxComponent.cpp">
      <Filter>Source\Component\Collision\Private</Filter>
    </ClCompile>
    <ClCompile Include="Source\Component\Collision\Private\ShapeComponent.cpp">
      <Filter>Source\Component\Collision\Private</Filter>
    </ClCompile>
    <ClCompile Include="Source\Component\Collision\Private\SphereComponent.cpp">
      <Filter>Source\Component\Collision\Private</Filter>
    </ClCompile>
    <ClCompile Include="Source\Component\Collision\Private\CapsuleComponent.cpp">
      <Filter>Source\Component\Collision\Private</Filter>
    </ClCompile>
    <ClCompile Include="Source\Component\Mesh\Private\MeshComponent.cpp">
      <Filter>Source\Component\Mesh\Private</Filter>
    </ClCompile>
    <ClCompile Include="Source\Component\Mesh\Private\StaticMesh.cpp">
      <Filter>Source\Component\Mesh\Private</Filter>
    </ClCompile>
    <ClCompile Include="Source\Component\Mesh\Private\StaticMeshComponent.cpp">
      <Filter>Source\Component\Mesh\Private</Filter>
    </ClCompile>
    <ClCompile Include="Source\Component\Mesh\Private\VertexDatas.cpp">
      <Filter>Source\Component\Mesh\Private</Filter>
    </ClCompile>
    <ClCompile Include="Source\Component\Private\ActorComponent.cpp">
      <Filter>Source\Component\Private</Filter>
    </ClCompile>
    <ClCompile Include="Source\Component\Private\AmbientLightComponent.cpp">
      <Filter>Source\Component\Private</Filter>
    </ClCompile>
    <ClCompile Include="Source\Component\Private\BillBoardComponent.cpp">
      <Filter>Source\Component\Private</Filter>
    </ClCompile>
    <ClCompile Include="Source\Component\Private\DecalComponent.cpp">
      <Filter>Source\Component\Private</Filter>
    </ClCompile>
    <ClCompile Include="Source\Component\Private\DecalSpotLightComponent.cpp">
      <Filter>Source\Component\Private</Filter>
    </ClCompile>
    <ClCompile Include="Source\Component\Private\DirectionalLightComponent.cpp">
      <Filter>Source\Component\Private</Filter>
    </ClCompile>
    <ClCompile Include="Source\Component\Private\EditorIconComponent.cpp">
      <Filter>Source\Component\Private</Filter>
    </ClCompile>
    <ClCompile Include="Source\Component\Private\LightComponent.cpp">
      <Filter>Source\Component\Private</Filter>
    </ClCompile>
    <ClCompile Include="Source\Component\Private\LightComponentBase.cpp">
      <Filter>Source\Component\Private</Filter>
    </ClCompile>
    <ClCompile Include="Source\Component\Private\ULuaScriptComponent.cpp">
      <Filter>Source\Component\Private</Filter>
    </ClCompile>
    <ClCompile Include="Source\Component\Private\PointLightComponent.cpp">
      <Filter>Source\Component\Private</Filter>
    </ClCompile>
    <ClCompile Include="Source\Component\Private\MovementComponent.cpp">
      <Filter>Source\Component\Private</Filter>
    </ClCompile>
    <ClCompile Include="Source\Component\Private\ProjectileMovementComponent.cpp">
      <Filter>Source\Component\Private</Filter>
    </ClCompile>
    <ClCompile Include="Source\Component\Private\RotatingMovementComponent.cpp">
      <Filter>Source\Component\Private</Filter>
    </ClCompile>
    <ClCompile Include="Source\Component\Private\HeightFogComponent.cpp">
      <Filter>Source\Component\Private</Filter>
    </ClCompile>
    <ClCompile Include="Source\Component\Private\SpotLightComponent.cpp">
      <Filter>Source\Component\Private</Filter>
    </ClCompile>
    <ClCompile Include="Source\Component\Private\TextComponent.cpp">
      <Filter>Source\Component\Private</Filter>
    </ClCompile>
    <ClCompile Include="Source\Component\Private\UUIDTextComponent.cpp">
      <Filter>Source\Component\Private</Filter>
    </ClCompile>
    <ClCompile Include="Source\Component\Private\PrimitiveComponent.cpp">
      <Filter>Source\Component\Private</Filter>
    </ClCompile>
    <ClCompile Include="Source\Component\Private\SceneComponent.cpp">
      <Filter>Source\Component\Private</Filter>
    </ClCompile>
    <ClCompile Include="Source\Core\Private\Archive.cpp">
      <Filter>Source\Core\Private</Filter>
    </ClCompile>
    <ClCompile Include="Source\Core\Private\ObjectIterator.cpp">
      <Filter>Source\Core\Private</Filter>
    </ClCompile>
    <ClCompile Include="Source\Core\Private\WindowsBinWriter.cpp">
      <Filter>Source\Core\Private</Filter>
    </ClCompile>
    <ClCompile Include="Source\Core\Private\AppWindow.cpp">
      <Filter>Source\Core\Private</Filter>
    </ClCompile>
    <ClCompile Include="Source\Core\Private\Class.cpp">
      <Filter>Source\Core\Private</Filter>
    </ClCompile>
    <ClCompile Include="Source\Core\Private\ClientApp.cpp">
      <Filter>Source\Core\Private</Filter>
    </ClCompile>
    <ClCompile Include="Source\Core\Private\Name.cpp">
      <Filter>Source\Core\Private</Filter>
    </ClCompile>
    <ClCompile Include="Source\Core\Private\Object.cpp">
      <Filter>Source\Core\Private</Filter>
    </ClCompile>
    <ClCompile Include="Source\Core\Public\WindowsBinReader.cpp">
      <Filter>Source\Core\Public</Filter>
    </ClCompile>
    <ClCompile Include="Source\Editor\Private\EditorEngine.cpp">
      <Filter>Source\Editor\Private</Filter>
    </ClCompile>
    <ClCompile Include="Source\Editor\Private\GizmoGeometry.cpp">
      <Filter>Source\Editor\Private</Filter>
    </ClCompile>
    <ClCompile Include="Source\Editor\Private\GizmoMath.cpp">
      <Filter>Source\Editor\Private</Filter>
    </ClCompile>
    <ClCompile Include="Source\Editor\Private\GizmoRenderer.cpp">
      <Filter>Source\Editor\Private</Filter>
    </ClCompile>
    <ClCompile Include="Source\Editor\Private\Axis.cpp">
      <Filter>Source\Editor\Private</Filter>
    </ClCompile>
    <ClCompile Include="Source\Editor\Private\BatchLines.cpp">
      <Filter>Source\Editor\Private</Filter>
    </ClCompile>
    <ClCompile Include="Source\Editor\Private\BoundingBoxLines.cpp">
      <Filter>Source\Editor\Private</Filter>
    </ClCompile>
    <ClCompile Include="Source\Editor\Private\Camera.cpp">
      <Filter>Source\Editor\Private</Filter>
    </ClCompile>
    <ClCompile Include="Source\Editor\Private\Editor.cpp">
      <Filter>Source\Editor\Private</Filter>
    </ClCompile>
    <ClCompile Include="Source\Editor\Private\Gizmo.cpp">
      <Filter>Source\Editor\Private</Filter>
    </ClCompile>
    <ClCompile Include="Source\Editor\Private\Grid.cpp">
      <Filter>Source\Editor\Private</Filter>
    </ClCompile>
    <ClCompile Include="Source\Editor\Private\ObjectPicker.cpp">
      <Filter>Source\Editor\Private</Filter>
    </ClCompile>
    <ClCompile Include="Source\Global\BVH.cpp">
      <Filter>Source\Global</Filter>
    </ClCompile>
    <ClCompile Include="Source\Global\Delegate.cpp">
      <Filter>Source\Global</Filter>
    </ClCompile>
    <ClCompile Include="Source\Global\Color.cpp">
      <Filter>Source\Global</Filter>
    </ClCompile>
    <ClCompile Include="Source\Global\Octree.cpp">
      <Filter>Source\Global</Filter>
    </ClCompile>
    <ClCompile Include="Source\Global\Quaternion.cpp">
      <Filter>Source\Global</Filter>
    </ClCompile>
    <ClCompile Include="Source\Global\WeakObjectPtr.cpp">
      <Filter>Source\Global</Filter>
    </ClCompile>
    <ClCompile Include="Source\Global\Matrix.cpp">
      <Filter>Source\Global</Filter>
    </ClCompile>
    <ClCompile Include="Source\Global\Memory.cpp">
      <Filter>Source\Global</Filter>
    </ClCompile>
    <ClCompile Include="Source\Global\Vector.cpp">
      <Filter>Source\Global</Filter>
    </ClCompile>
    <ClCompile Include="Source\Level\Private\World.cpp">
      <Filter>Source\Level\Private</Filter>
    </ClCompile>
    <ClCompile Include="Source\Level\Private\Level.cpp">
      <Filter>Source\Level\Private</Filter>
    </ClCompile>
    <ClCompile Include="Source\Optimization\Private\OcclusionCuller.cpp">
      <Filter>Source\Optimization\Private</Filter>
    </ClCompile>
    <ClCompile Include="Source\Optimization\Private\ViewVolumeCuller.cpp">
      <Filter>Source\Optimization\Private</Filter>
    </ClCompile>
    <ClCompile Include="Source\ImGui\imgui.cpp">
      <Filter>Source\ImGui</Filter>
    </ClCompile>
    <ClCompile Include="Source\ImGui\imgui_demo.cpp">
      <Filter>Source\ImGui</Filter>
    </ClCompile>
    <ClCompile Include="Source\ImGui\imgui_draw.cpp">
      <Filter>Source\ImGui</Filter>
    </ClCompile>
    <ClCompile Include="Source\ImGui\imgui_impl_dx11.cpp">
      <Filter>Source\ImGui</Filter>
    </ClCompile>
    <ClCompile Include="Source\ImGui\imgui_impl_win32.cpp">
      <Filter>Source\ImGui</Filter>
    </ClCompile>
    <ClCompile Include="Source\ImGui\imgui_tables.cpp">
      <Filter>Source\ImGui</Filter>
    </ClCompile>
    <ClCompile Include="Source\ImGui\imgui_widgets.cpp">
      <Filter>Source\ImGui</Filter>
    </ClCompile>
    <ClCompile Include="Source\Render\Renderer\Private\DeviceResources.cpp">
      <Filter>Source\Render\Renderer\Private</Filter>
    </ClCompile>
    <ClCompile Include="Source\Render\Renderer\Private\Pipeline.cpp">
      <Filter>Source\Render\Renderer\Private</Filter>
    </ClCompile>
    <ClCompile Include="Source\Render\Renderer\Private\Renderer.cpp">
      <Filter>Source\Render\Renderer\Private</Filter>
    </ClCompile>
    <ClCompile Include="Source\Render\Renderer\Private\RenderResourceFactory.cpp">
      <Filter>Source\Render\Renderer\Private</Filter>
    </ClCompile>
    <ClCompile Include="Source\Render\RenderPass\Private\BillboardPass.cpp">
      <Filter>Source\Render\RenderPass\Private</Filter>
    </ClCompile>
    <ClCompile Include="Source\Render\RenderPass\Private\ClusteredRenderingGridPass.cpp">
      <Filter>Source\Render\RenderPass\Private</Filter>
    </ClCompile>
    <ClCompile Include="Source\Render\RenderPass\Private\DecalPass.cpp">
      <Filter>Source\Render\RenderPass\Private</Filter>
    </ClCompile>
    <ClCompile Include="Source\Render\RenderPass\Private\EditorIconPass.cpp">
      <Filter>Source\Render\RenderPass\Private</Filter>
    </ClCompile>
    <ClCompile Include="Source\Render\RenderPass\Private\HitProxyPass.cpp">
      <Filter>Source\Render\RenderPass\Private</Filter>
    </ClCompile>
    <ClCompile Include="Source\Render\RenderPass\Private\LightPass.cpp">
      <Filter>Source\Render\RenderPass\Private</Filter>
    </ClCompile>
    <ClCompile Include="Source\Render\RenderPass\Private\PointLightPass.cpp">
      <Filter>Source\Render\RenderPass\Private</Filter>
    </ClCompile>
    <ClCompile Include="Source\Render\RenderPass\Private\FXAAPass.cpp">
      <Filter>Source\Render\RenderPass\Private</Filter>
    </ClCompile>
    <ClCompile Include="Source\Render\RenderPass\Private\FogPass.cpp">
      <Filter>Source\Render\RenderPass\Private</Filter>
    </ClCompile>
    <ClCompile Include="Source\Render\RenderPass\Private\RenderPass.cpp">
      <Filter>Source\Render\RenderPass\Private</Filter>
    </ClCompile>
    <ClCompile Include="Source\Render\RenderPass\Private\SceneDepthPass.cpp">
      <Filter>Source\Render\RenderPass\Private</Filter>
    </ClCompile>
    <ClCompile Include="Source\Render\RenderPass\Private\ShadowData.cpp">
      <Filter>Source\Render\RenderPass\Private</Filter>
    </ClCompile>
    <ClCompile Include="Source\Render\RenderPass\Private\ShadowMapPass.cpp">
      <Filter>Source\Render\RenderPass\Private</Filter>
    </ClCompile>
    <ClCompile Include="Source\Render\RenderPass\Private\StaticMeshPass.cpp">
      <Filter>Source\Render\RenderPass\Private</Filter>
    </ClCompile>
    <ClCompile Include="Source\Render\RenderPass\Private\TextPass.cpp">
      <Filter>Source\Render\RenderPass\Private</Filter>
    </ClCompile>
    <ClCompile Include="Source\Render\RenderPass\Private\ShadowMapFilterPass.cpp">
      <Filter>Source\Render\RenderPass\Private</Filter>
    </ClCompile>
    <ClCompile Include="Source\Render\HitProxy\Private\HitProxy.cpp">
      <Filter>Source\Render\HitProxy\Private</Filter>
    </ClCompile>
    <ClCompile Include="Source\Render\Shadow\Private\PSMBounding.cpp">
      <Filter>Source\Render\Shadow\Private</Filter>
    </ClCompile>
    <ClCompile Include="Source\Render\Shadow\Private\PSMCalculator.cpp">
      <Filter>Source\Render\Shadow\Private</Filter>
    </ClCompile>
    <ClCompile Include="Source\Render\UI\Overlay\Private\D2DOverlayManager.cpp">
      <Filter>Source\Render\UI\Overlay\Private</Filter>
    </ClCompile>
    <ClCompile Include="Source\Render\UI\Overlay\Private\StatOverlay.cpp">
      <Filter>Source\Render\UI\Overlay\Private</Filter>
    </ClCompile>
    <ClCompile Include="Source\Render\UI\Widget\Collision\Private\BoxComponentWidget.cpp">
      <Filter>Source\Render\UI\Widget\Collision\Private</Filter>
    </ClCompile>
    <ClCompile Include="Source\Render\UI\Widget\Collision\Private\CapsuleComponentWidget.cpp">
      <Filter>Source\Render\UI\Widget\Collision\Private</Filter>
    </ClCompile>
    <ClCompile Include="Source\Render\UI\Widget\Collision\Private\SphereComponentWidget.cpp">
      <Filter>Source\Render\UI\Widget\Collision\Private</Filter>
    </ClCompile>
    <ClCompile Include="Source\Render\UI\Widget\Private\ActorDetailWidget.cpp">
      <Filter>Source\Render\UI\Widget\Private</Filter>
    </ClCompile>
    <ClCompile Include="Source\Render\UI\Widget\Private\ActorTerminationWidget.cpp">
      <Filter>Source\Render\UI\Widget\Private</Filter>
    </ClCompile>
    <ClCompile Include="Source\Render\UI\Widget\Private\AmbientLightComponentWidget.cpp">
      <Filter>Source\Render\UI\Widget\Private</Filter>
    </ClCompile>
    <ClCompile Include="Source\Render\UI\Widget\Private\ConsoleWidget.cpp">
      <Filter>Source\Render\UI\Widget\Private</Filter>
    </ClCompile>
    <ClCompile Include="Source\Render\UI\Widget\Private\DecalTextureSelectionWidget.cpp">
      <Filter>Source\Render\UI\Widget\Private</Filter>
    </ClCompile>
    <ClCompile Include="Source\Render\UI\Widget\Private\FPSWidget.cpp">
      <Filter>Source\Render\UI\Widget\Private</Filter>
    </ClCompile>
    <ClCompile Include="Source\Render\UI\Widget\Private\HeightFogComponentWidget.cpp">
      <Filter>Source\Render\UI\Widget\Private</Filter>
    </ClCompile>
    <ClCompile Include="Source\Render\UI\Widget\Private\InputInformationWidget.cpp">
      <Filter>Source\Render\UI\Widget\Private</Filter>
    </ClCompile>
    <ClCompile Include="Source\Render\UI\Widget\Private\LevelTabBarWidget.cpp">
      <Filter>Source\Render\UI\Widget\Private</Filter>
    </ClCompile>
    <ClCompile Include="Source\Render\UI\Widget\Private\MainBarWidget.cpp">
      <Filter>Source\Render\UI\Widget\Private</Filter>
    </ClCompile>
    <ClCompile Include="Source\Render\UI\Widget\Private\ActorSpawnWidget.cpp">
      <Filter>Source\Render\UI\Widget\Private</Filter>
    </ClCompile>
    <ClCompile Include="Source\Render\UI\Widget\Private\DirectionalLightComponentWidget.cpp">
      <Filter>Source\Render\UI\Widget\Private</Filter>
    </ClCompile>
    <ClCompile Include="Source\Render\UI\Widget\Private\PointLightComponentWidget.cpp">
      <Filter>Source\Render\UI\Widget\Private</Filter>
    </ClCompile>
    <ClCompile Include="Source\Render\UI\Widget\Private\ProjectileMovementComponentWidget.cpp">
      <Filter>Source\Render\UI\Widget\Private</Filter>
    </ClCompile>
    <ClCompile Include="Source\Render\UI\Widget\Private\RotatingMovementComponentWidget.cpp">
      <Filter>Source\Render\UI\Widget\Private</Filter>
    </ClCompile>
    <ClCompile Include="Source\Render\UI\Widget\Private\SceneHierarchyWidget.cpp">
      <Filter>Source\Render\UI\Widget\Private</Filter>
    </ClCompile>
    <ClCompile Include="Source\Render\UI\Widget\Private\SceneIOWidget.cpp">
      <Filter>Source\Render\UI\Widget\Private</Filter>
    </ClCompile>
    <ClCompile Include="Source\Render\UI\Widget\Private\SetTextComponentWidget.cpp">
      <Filter>Source\Render\UI\Widget\Private</Filter>
    </ClCompile>
    <ClCompile Include="Source\Render\UI\Widget\Private\SpotLightComponentWidget.cpp">
      <Filter>Source\Render\UI\Widget\Private</Filter>
    </ClCompile>
    <ClCompile Include="Source\Render\UI\Widget\Private\SpriteSelectionWidget.cpp">
      <Filter>Source\Render\UI\Widget\Private</Filter>
    </ClCompile>
    <ClCompile Include="Source\Render\UI\Widget\Private\StaticMeshComponentWidget.cpp">
      <Filter>Source\Render\UI\Widget\Private</Filter>
    </ClCompile>
    <ClCompile Include="Source\Render\UI\Widget\Private\StatusBarWidget.cpp">
      <Filter>Source\Render\UI\Widget\Private</Filter>
    </ClCompile>
    <ClCompile Include="Source\Render\UI\Widget\Private\ViewportControlWidget.cpp">
      <Filter>Source\Render\UI\Widget\Private</Filter>
    </ClCompile>
    <ClCompile Include="Source\Render\UI\Widget\Private\ViewportMenuBarWidget.cpp">
      <Filter>Source\Render\UI\Widget\Private</Filter>
    </ClCompile>
    <ClCompile Include="Source\Render\UI\Widget\Private\Widget.cpp">
      <Filter>Source\Render\UI\Widget\Private</Filter>
    </ClCompile>
    <ClCompile Include="Source\Render\UI\Factory\Private\UIWindowFactory.cpp">
      <Filter>Source\Render\UI\Factory\Private</Filter>
    </ClCompile>
    <ClCompile Include="Source\Render\UI\ImGui\Private\ImGuiHelper.cpp">
      <Filter>Source\Render\UI\ImGui\Private</Filter>
    </ClCompile>
    <ClCompile Include="Source\Render\UI\Layout\Private\Splitter.cpp">
      <Filter>Source\Render\UI\Layout\Private</Filter>
    </ClCompile>
    <ClCompile Include="Source\Render\UI\Viewport\Private\Viewport.cpp">
      <Filter>Source\Render\UI\Viewport\Private</Filter>
    </ClCompile>
    <ClCompile Include="Source\Render\UI\Viewport\Private\ViewportClient.cpp">
      <Filter>Source\Render\UI\Viewport\Private</Filter>
    </ClCompile>
    <ClCompile Include="Source\Render\UI\Viewport\Private\Window.cpp">
      <Filter>Source\Render\UI\Viewport\Private</Filter>
    </ClCompile>
    <ClCompile Include="Source\Render\UI\Window\Private\ConsoleWindow.cpp">
      <Filter>Source\Render\UI\Window\Private</Filter>
    </ClCompile>
    <ClCompile Include="Source\Render\UI\Window\Private\ControlPanelWindow.cpp">
      <Filter>Source\Render\UI\Window\Private</Filter>
    </ClCompile>
    <ClCompile Include="Source\Render\UI\Window\Private\EditorWindow.cpp">
      <Filter>Source\Render\UI\Window\Private</Filter>
    </ClCompile>
    <ClCompile Include="Source\Render\UI\Window\Private\ExperimentalFeatureWindow.cpp">
      <Filter>Source\Render\UI\Window\Private</Filter>
    </ClCompile>
    <ClCompile Include="Source\Render\UI\Window\Private\LevelTabBarWindow.cpp">
      <Filter>Source\Render\UI\Window\Private</Filter>
    </ClCompile>
    <ClCompile Include="Source\Render\UI\Window\Private\MainMenuWindow.cpp">
      <Filter>Source\Render\UI\Window\Private</Filter>
    </ClCompile>
    <ClCompile Include="Source\Render\UI\Window\Private\OutlinerWindow.cpp">
      <Filter>Source\Render\UI\Window\Private</Filter>
    </ClCompile>
    <ClCompile Include="Source\Render\UI\Window\Private\DetailWindow.cpp">
      <Filter>Source\Render\UI\Window\Private</Filter>
    </ClCompile>
    <ClCompile Include="Source\Render\UI\Window\Private\UIWindow.cpp">
      <Filter>Source\Render\UI\Window\Private</Filter>
    </ClCompile>
    <ClCompile Include="Source\Render\UI\Window\Private\ViewportClientWindow.cpp">
      <Filter>Source\Render\UI\Window\Private</Filter>
    </ClCompile>
    <ClCompile Include="Source\Texture\Private\ShadowMapResources.cpp">
      <Filter>Source\Texture\Private</Filter>
    </ClCompile>
    <ClCompile Include="Source\Texture\Private\Material.cpp">
      <Filter>Source\Texture\Private</Filter>
    </ClCompile>
    <ClCompile Include="Source\Texture\Private\Texture.cpp">
      <Filter>Source\Texture\Private</Filter>
    </ClCompile>
    <ClCompile Include="Source\Texture\Private\TextureFilter.cpp">
      <Filter>Source\Texture\Private</Filter>
    </ClCompile>
    <ClCompile Include="Source\Utility\Private\LogFileWriter.cpp">
      <Filter>Source\Utility\Private</Filter>
    </ClCompile>
    <ClCompile Include="Source\Utility\Private\ScopeCycleCounter.cpp">
      <Filter>Source\Utility\Private</Filter>
    </ClCompile>
    <ClCompile Include="Source\Utility\Private\UELogParser.cpp">
      <Filter>Source\Utility\Private</Filter>
    </ClCompile>
  </ItemGroup>
  <ItemGroup>
    <ClInclude Include="pch.h" />
    <ClInclude Include="Source\GameMode\Public\GameModeBase.h">
      <Filter>Source\GameMode\Public</Filter>
    </ClInclude>
    <ClInclude Include="Source\Pawn\Public\Pawn.h">
      <Filter>Source\Pawn\Public</Filter>
    </ClInclude>
    <ClInclude Include="Source\Player\Public\EnemyCharacter.h">
      <Filter>Source\Player\Public</Filter>
    </ClInclude>
    <ClInclude Include="Source\Player\Public\PlayerCharacter.h">
      <Filter>Source\Player\Public</Filter>
    </ClInclude>
    <ClInclude Include="Source\GamePlay\Public\PlayerController.h">
      <Filter>Source\GamePlay\Public</Filter>
    </ClInclude>
    <ClInclude Include="Source\GamePlay\Public\PlayerInput.h">
      <Filter>Source\GamePlay\Public</Filter>
    </ClInclude>
    <ClInclude Include="Source\Manager\Asset\Public\ObjImporter.h">
      <Filter>Source\Manager\Asset\Public</Filter>
    </ClInclude>
    <ClInclude Include="Source\Manager\Asset\Public\ObjManager.h">
      <Filter>Source\Manager\Asset\Public</Filter>
    </ClInclude>
    <ClInclude Include="Source\Manager\Asset\Public\TextureManager.h">
      <Filter>Source\Manager\Asset\Public</Filter>
    </ClInclude>
    <ClInclude Include="Source\Manager\Asset\Public\AssetManager.h">
      <Filter>Source\Manager\Asset\Public</Filter>
    </ClInclude>
    <ClInclude Include="Source\Manager\Lua\Public\LuaScriptManager.h">
      <Filter>Source\Manager\Lua\Public</Filter>
    </ClInclude>
    <ClInclude Include="Source\Manager\Render\Public\CascadeManager.h">
      <Filter>Source\Manager\Render\Public</Filter>
    </ClInclude>
    <ClInclude Include="Source\Manager\UI\Public\ViewportManager.h">
      <Filter>Source\Manager\UI\Public</Filter>
    </ClInclude>
    <ClInclude Include="Source\Manager\UI\Public\UIManager.h">
      <Filter>Source\Manager\UI\Public</Filter>
    </ClInclude>
    <ClInclude Include="Source\Manager\Config\Public\ConfigManager.h">
      <Filter>Source\Manager\Config\Public</Filter>
    </ClInclude>
    <ClInclude Include="Source\Manager\Input\Public\InputManager.h">
      <Filter>Source\Manager\Input\Public</Filter>
    </ClInclude>
    <ClInclude Include="Source\Manager\Path\Public\PathManager.h">
      <Filter>Source\Manager\Path\Public</Filter>
    </ClInclude>
    <ClInclude Include="Source\Manager\Time\Public\TimeManager.h">
      <Filter>Source\Manager\Time\Public</Filter>
    </ClInclude>
    <ClInclude Include="Source\Physics\Public\AABB.h">
      <Filter>Source\Physics\Public</Filter>
    </ClInclude>
    <ClInclude Include="Source\Physics\Public\BoundingCapsule.h">
      <Filter>Source\Physics\Public</Filter>
    </ClInclude>
    <ClInclude Include="Source\Physics\Public\BoundingSphere.h">
      <Filter>Source\Physics\Public</Filter>
    </ClInclude>
    <ClInclude Include="Source\Physics\Public\BoundingVolume.h">
      <Filter>Source\Physics\Public</Filter>
    </ClInclude>
    <ClInclude Include="Source\Physics\Public\CollisionUtil.h">
      <Filter>Source\Physics\Public</Filter>
    </ClInclude>
    <ClInclude Include="Source\Physics\Public\OBB.h">
      <Filter>Source\Physics\Public</Filter>
    </ClInclude>
    <ClInclude Include="Source\Actor\Public\Actor.h">
      <Filter>Source\Actor\Public</Filter>
    </ClInclude>
    <ClInclude Include="Source\Actor\Public\AmbientLight.h">
      <Filter>Source\Actor\Public</Filter>
    </ClInclude>
    <ClInclude Include="Source\Actor\Public\BillBoardActor.h">
      <Filter>Source\Actor\Public</Filter>
    </ClInclude>
    <ClInclude Include="Source\Actor\Public\CubeActor.h">
      <Filter>Source\Actor\Public</Filter>
    </ClInclude>
    <ClInclude Include="Source\Actor\Public\DecalActor.h">
      <Filter>Source\Actor\Public</Filter>
    </ClInclude>
    <ClInclude Include="Source\Actor\Public\DecalSpotLightActor.h">
      <Filter>Source\Actor\Public</Filter>
    </ClInclude>
    <ClInclude Include="Source\Actor\Public\DirectionalLight.h">
      <Filter>Source\Actor\Public</Filter>
    </ClInclude>
    <ClInclude Include="Source\Actor\Public\HeightFogActor.h">
      <Filter>Source\Actor\Public</Filter>
    </ClInclude>
    <ClInclude Include="Source\Actor\Public\Light.h">
      <Filter>Source\Actor\Public</Filter>
    </ClInclude>
    <ClInclude Include="Source\Actor\Public\MovingCubeActor.h">
      <Filter>Source\Actor\Public</Filter>
    </ClInclude>
    <ClInclude Include="Source\Actor\Public\PointLight.h">
      <Filter>Source\Actor\Public</Filter>
    </ClInclude>
    <ClInclude Include="Source\Actor\Public\SphereActor.h">
      <Filter>Source\Actor\Public</Filter>
    </ClInclude>
    <ClInclude Include="Source\Actor\Public\SpotLight.h">
      <Filter>Source\Actor\Public</Filter>
    </ClInclude>
    <ClInclude Include="Source\Actor\Public\StaticMeshActor.h">
      <Filter>Source\Actor\Public</Filter>
    </ClInclude>
    <ClInclude Include="Source\Actor\Public\TextActor.h">
      <Filter>Source\Actor\Public</Filter>
    </ClInclude>
    <ClInclude Include="Source\Actor\Public\TriangleActor.h">
      <Filter>Source\Actor\Public</Filter>
    </ClInclude>
    <ClInclude Include="Source\Component\Collision\Public\BoxComponent.h">
      <Filter>Source\Component\Collision\Public</Filter>
    </ClInclude>
    <ClInclude Include="Source\Component\Collision\Public\CapsuleComponent.h">
      <Filter>Source\Component\Collision\Public</Filter>
    </ClInclude>
    <ClInclude Include="Source\Component\Collision\Public\SphereComponent.h">
      <Filter>Source\Component\Collision\Public</Filter>
    </ClInclude>
    <ClInclude Include="Source\Component\Collision\Public\ShapeComponent.h">
      <Filter>Source\Component\Collision\Public</Filter>
    </ClInclude>
    <ClInclude Include="Source\Component\Mesh\Public\MeshComponent.h">
      <Filter>Source\Component\Mesh\Public</Filter>
    </ClInclude>
    <ClInclude Include="Source\Component\Mesh\Public\StaticMesh.h">
      <Filter>Source\Component\Mesh\Public</Filter>
    </ClInclude>
    <ClInclude Include="Source\Component\Mesh\Public\StaticMeshComponent.h">
      <Filter>Source\Component\Mesh\Public</Filter>
    </ClInclude>
    <ClInclude Include="Source\Component\Mesh\Public\VertexDatas.h">
      <Filter>Source\Component\Mesh\Public</Filter>
    </ClInclude>
    <ClInclude Include="Source\Component\Public\ActorComponent.h">
      <Filter>Source\Component\Public</Filter>
    </ClInclude>
    <ClInclude Include="Source\Component\Public\AmbientLightComponent.h">
      <Filter>Source\Component\Public</Filter>
    </ClInclude>
    <ClInclude Include="Source\Component\Public\BillBoardComponent.h">
      <Filter>Source\Component\Public</Filter>
    </ClInclude>
    <ClInclude Include="Source\Component\Public\DecalComponent.h">
      <Filter>Source\Component\Public</Filter>
    </ClInclude>
    <ClInclude Include="Source\Component\Public\DecalSpotLightComponent.h">
      <Filter>Source\Component\Public</Filter>
    </ClInclude>
    <ClInclude Include="Source\Component\Public\DirectionalLightComponent.h">
      <Filter>Source\Component\Public</Filter>
    </ClInclude>
    <ClInclude Include="Source\Component\Public\EditorIconComponent.h">
      <Filter>Source\Component\Public</Filter>
    </ClInclude>
    <ClInclude Include="Source\Component\Public\LightComponentBase.h">
      <Filter>Source\Component\Public</Filter>
    </ClInclude>
    <ClInclude Include="Source\Component\Public\ULuaScriptComponent.h">
      <Filter>Source\Component\Public</Filter>
    </ClInclude>
    <ClInclude Include="Source\Component\Public\PointLightComponent.h">
      <Filter>Source\Component\Public</Filter>
    </ClInclude>
    <ClInclude Include="Source\Component\Public\MovementComponent.h">
      <Filter>Source\Component\Public</Filter>
    </ClInclude>
    <ClInclude Include="Source\Component\Public\ProjectileMovementComponent.h">
      <Filter>Source\Component\Public</Filter>
    </ClInclude>
    <ClInclude Include="Source\Component\Public\RotatingMovementComponent.h">
      <Filter>Source\Component\Public</Filter>
    </ClInclude>
    <ClInclude Include="Source\Component\Public\HeightFogComponent.h">
      <Filter>Source\Component\Public</Filter>
    </ClInclude>
    <ClInclude Include="Source\Component\Public\SpotLightComponent.h">
      <Filter>Source\Component\Public</Filter>
    </ClInclude>
    <ClInclude Include="Source\Component\Public\TextComponent.h">
      <Filter>Source\Component\Public</Filter>
    </ClInclude>
    <ClInclude Include="Source\Component\Public\LightComponent.h">
      <Filter>Source\Component\Public</Filter>
    </ClInclude>
    <ClInclude Include="Source\Component\Public\UUIDTextComponent.h">
      <Filter>Source\Component\Public</Filter>
    </ClInclude>
    <ClInclude Include="Source\Component\Public\PrimitiveComponent.h">
      <Filter>Source\Component\Public</Filter>
    </ClInclude>
    <ClInclude Include="Source\Component\Public\SceneComponent.h">
      <Filter>Source\Component\Public</Filter>
    </ClInclude>
    <ClInclude Include="Source\Core\Public\Archive.h">
      <Filter>Source\Core\Public</Filter>
    </ClInclude>
    <ClInclude Include="Source\Core\Public\NewObject.h">
      <Filter>Source\Core\Public</Filter>
    </ClInclude>
    <ClInclude Include="Source\Core\Public\ObjectIterator.h">
      <Filter>Source\Core\Public</Filter>
    </ClInclude>
    <ClInclude Include="Source\Core\Public\WindowsBinReader.h">
      <Filter>Source\Core\Public</Filter>
    </ClInclude>
    <ClInclude Include="Source\Core\Public\WindowsBinWriter.h">
      <Filter>Source\Core\Public</Filter>
    </ClInclude>
    <ClInclude Include="Source\Core\Public\AppWindow.h">
      <Filter>Source\Core\Public</Filter>
    </ClInclude>
    <ClInclude Include="Source\Core\Public\Class.h">
      <Filter>Source\Core\Public</Filter>
    </ClInclude>
    <ClInclude Include="Source\Core\Public\ClientApp.h">
      <Filter>Source\Core\Public</Filter>
    </ClInclude>
    <ClInclude Include="Source\Core\Public\EngineStatics.h">
      <Filter>Source\Core\Public</Filter>
    </ClInclude>
    <ClInclude Include="Source\Core\Public\Name.h">
      <Filter>Source\Core\Public</Filter>
    </ClInclude>
    <ClInclude Include="Source\Core\Public\Object.h">
      <Filter>Source\Core\Public</Filter>
    </ClInclude>
    <ClInclude Include="Source\Core\Public\resource.h">
      <Filter>Source\Core\Public</Filter>
    </ClInclude>
    <ClInclude Include="Source\Editor\Public\EditorEngine.h">
      <Filter>Source\Editor\Public</Filter>
    </ClInclude>
    <ClInclude Include="Source\Editor\Public\Axis.h">
      <Filter>Source\Editor\Public</Filter>
    </ClInclude>
    <ClInclude Include="Source\Editor\Public\BatchLines.h">
      <Filter>Source\Editor\Public</Filter>
    </ClInclude>
    <ClInclude Include="Source\Editor\Public\BoundingBoxLines.h">
      <Filter>Source\Editor\Public</Filter>
    </ClInclude>
    <ClInclude Include="Source\Editor\Public\Camera.h">
      <Filter>Source\Editor\Public</Filter>
    </ClInclude>
    <ClInclude Include="Source\Editor\Public\Editor.h">
      <Filter>Source\Editor\Public</Filter>
    </ClInclude>
    <ClInclude Include="Source\Editor\Public\EditorPrimitive.h">
      <Filter>Source\Editor\Public</Filter>
    </ClInclude>
    <ClInclude Include="Source\Editor\Public\Gizmo.h">
      <Filter>Source\Editor\Public</Filter>
    </ClInclude>
    <ClInclude Include="Source\Editor\Public\GizmoGeometry.h">
      <Filter>Source\Editor\Public</Filter>
    </ClInclude>
    <ClInclude Include="Source\Editor\Public\GizmoMath.h">
      <Filter>Source\Editor\Public</Filter>
    </ClInclude>
    <ClInclude Include="Source\Editor\Public\GizmoTypes.h">
      <Filter>Source\Editor\Public</Filter>
    </ClInclude>
    <ClInclude Include="Source\Editor\Public\Grid.h">
      <Filter>Source\Editor\Public</Filter>
    </ClInclude>
    <ClInclude Include="Source\Editor\Public\ObjectPicker.h">
      <Filter>Source\Editor\Public</Filter>
    </ClInclude>
    <ClInclude Include="Source\Global\BVH.h">
      <Filter>Source\Global</Filter>
    </ClInclude>
    <ClInclude Include="Source\Global\Delegate.h">
      <Filter>Source\Global</Filter>
    </ClInclude>
    <ClInclude Include="Source\Global\DelegateMacros.h">
      <Filter>Source\Global</Filter>
    </ClInclude>
    <ClInclude Include="Source\Global\Color.h">
      <Filter>Source\Global</Filter>
    </ClInclude>
    <ClInclude Include="Source\Global\Octree.h">
      <Filter>Source\Global</Filter>
    </ClInclude>
    <ClInclude Include="Source\Global\Quaternion.h">
      <Filter>Source\Global</Filter>
    </ClInclude>
    <ClInclude Include="Source\Global\Rotator.h">
      <Filter>Source\Global</Filter>
    </ClInclude>
    <ClInclude Include="Source\Global\WeakObjectPtr.h">
      <Filter>Source\Global</Filter>
    </ClInclude>
    <ClInclude Include="Source\Global\Constant.h">
      <Filter>Source\Global</Filter>
    </ClInclude>
    <ClInclude Include="Source\Global\CoreTypes.h">
      <Filter>Source\Global</Filter>
    </ClInclude>
    <ClInclude Include="Source\Global\Enum.h">
      <Filter>Source\Global</Filter>
    </ClInclude>
    <ClInclude Include="Source\Global\EnumReflection.h">
      <Filter>Source\Global</Filter>
    </ClInclude>
    <ClInclude Include="Source\Global\Function.h">
      <Filter>Source\Global</Filter>
    </ClInclude>
    <ClInclude Include="Source\Global\Macro.h">
      <Filter>Source\Global</Filter>
    </ClInclude>
    <ClInclude Include="Source\Global\Matrix.h">
      <Filter>Source\Global</Filter>
    </ClInclude>
    <ClInclude Include="Source\Global\Memory.h">
      <Filter>Source\Global</Filter>
    </ClInclude>
    <ClInclude Include="Source\Global\Types.h">
      <Filter>Source\Global</Filter>
    </ClInclude>
    <ClInclude Include="Source\Global\Vector.h">
      <Filter>Source\Global</Filter>
    </ClInclude>
    <ClInclude Include="Source\Level\Public\World.h">
      <Filter>Source\Level\Public</Filter>
    </ClInclude>
    <ClInclude Include="Source\Level\Public\Level.h">
      <Filter>Source\Level\Public</Filter>
    </ClInclude>
    <ClInclude Include="Source\Optimization\Public\OcclusionCuller.h">
      <Filter>Source\Optimization\Public</Filter>
    </ClInclude>
    <ClInclude Include="Source\Optimization\Public\ViewVolumeCuller.h">
      <Filter>Source\Optimization\Public</Filter>
    </ClInclude>
    <ClInclude Include="Source\ImGui\imconfig.h">
      <Filter>Source\ImGui</Filter>
    </ClInclude>
    <ClInclude Include="Source\ImGui\imgui.h">
      <Filter>Source\ImGui</Filter>
    </ClInclude>
    <ClInclude Include="Source\ImGui\imgui_impl_dx11.h">
      <Filter>Source\ImGui</Filter>
    </ClInclude>
    <ClInclude Include="Source\ImGui\imgui_impl_win32.h">
      <Filter>Source\ImGui</Filter>
    </ClInclude>
    <ClInclude Include="Source\ImGui\imgui_internal.h">
      <Filter>Source\ImGui</Filter>
    </ClInclude>
    <ClInclude Include="Source\ImGui\imstb_rectpack.h">
      <Filter>Source\ImGui</Filter>
    </ClInclude>
    <ClInclude Include="Source\ImGui\imstb_textedit.h">
      <Filter>Source\ImGui</Filter>
    </ClInclude>
    <ClInclude Include="Source\ImGui\imstb_truetype.h">
      <Filter>Source\ImGui</Filter>
    </ClInclude>
    <ClInclude Include="Source\Render\Renderer\Public\DeviceResources.h">
      <Filter>Source\Render\Renderer\Public</Filter>
    </ClInclude>
    <ClInclude Include="Source\Render\Renderer\Public\Pipeline.h">
      <Filter>Source\Render\Renderer\Public</Filter>
    </ClInclude>
    <ClInclude Include="Source\Render\Renderer\Public\Renderer.h">
      <Filter>Source\Render\Renderer\Public</Filter>
    </ClInclude>
    <ClInclude Include="Source\Render\Renderer\Public\RenderResourceFactory.h">
      <Filter>Source\Render\Renderer\Public</Filter>
    </ClInclude>
    <ClInclude Include="Source\Render\RenderPass\Public\BillboardPass.h">
      <Filter>Source\Render\RenderPass\Public</Filter>
    </ClInclude>
    <ClInclude Include="Source\Render\RenderPass\Public\ClusteredRenderingGridPass.h">
      <Filter>Source\Render\RenderPass\Public</Filter>
    </ClInclude>
    <ClInclude Include="Source\Render\RenderPass\Public\DecalPass.h">
      <Filter>Source\Render\RenderPass\Public</Filter>
    </ClInclude>
    <ClInclude Include="Source\Render\RenderPass\Public\EditorIconPass.h">
      <Filter>Source\Render\RenderPass\Public</Filter>
    </ClInclude>
    <ClInclude Include="Source\Render\RenderPass\Public\HitProxyPass.h">
      <Filter>Source\Render\RenderPass\Public</Filter>
    </ClInclude>
    <ClInclude Include="Source\Render\RenderPass\Public\LightPass.h">
      <Filter>Source\Render\RenderPass\Public</Filter>
    </ClInclude>
    <ClInclude Include="Source\Render\RenderPass\Public\PointLightPass.h">
      <Filter>Source\Render\RenderPass\Public</Filter>
    </ClInclude>
    <ClInclude Include="Source\Render\RenderPass\Public\FogPass.h">
      <Filter>Source\Render\RenderPass\Public</Filter>
    </ClInclude>
    <ClInclude Include="Source\Render\RenderPass\Public\FXAAPass.h">
      <Filter>Source\Render\RenderPass\Public</Filter>
    </ClInclude>
    <ClInclude Include="Source\Render\RenderPass\Public\RenderingContext.h">
      <Filter>Source\Render\RenderPass\Public</Filter>
    </ClInclude>
    <ClInclude Include="Source\Render\RenderPass\Public\RenderPass.h">
      <Filter>Source\Render\RenderPass\Public</Filter>
    </ClInclude>
    <ClInclude Include="Source\Render\RenderPass\Public\SceneDepthPass.h">
      <Filter>Source\Render\RenderPass\Public</Filter>
    </ClInclude>
    <ClInclude Include="Source\Render\RenderPass\Public\ShadowData.h">
      <Filter>Source\Render\RenderPass\Public</Filter>
    </ClInclude>
    <ClInclude Include="Source\Render\RenderPass\Public\ShadowMapPass.h">
      <Filter>Source\Render\RenderPass\Public</Filter>
    </ClInclude>
    <ClInclude Include="Source\Render\RenderPass\Public\StaticMeshPass.h">
      <Filter>Source\Render\RenderPass\Public</Filter>
    </ClInclude>
    <ClInclude Include="Source\Render\RenderPass\Public\TextPass.h">
      <Filter>Source\Render\RenderPass\Public</Filter>
    </ClInclude>
    <ClInclude Include="Source\Render\RenderPass\Public\ShadowMapFilterPass.h">
      <Filter>Source\Render\RenderPass\Public</Filter>
    </ClInclude>
    <ClInclude Include="Source\Render\HitProxy\Public\HitProxy.h">
      <Filter>Source\Render\HitProxy\Public</Filter>
    </ClInclude>
    <ClInclude Include="Source\Render\Shadow\Public\PSMBounding.h">
      <Filter>Source\Render\Shadow\Public</Filter>
    </ClInclude>
    <ClInclude Include="Source\Render\Shadow\Public\PSMCalculator.h">
      <Filter>Source\Render\Shadow\Public</Filter>
    </ClInclude>
    <ClInclude Include="Source\Render\UI\Overlay\Public\D2DOverlayManager.h">
      <Filter>Source\Render\UI\Overlay\Public</Filter>
    </ClInclude>
    <ClInclude Include="Source\Render\UI\Overlay\Public\StatOverlay.h">
      <Filter>Source\Render\UI\Overlay\Public</Filter>
    </ClInclude>
    <ClInclude Include="Source\Render\UI\Widget\Collision\Public\BoxComponentWidget.h">
      <Filter>Source\Render\UI\Widget\Collision\Public</Filter>
    </ClInclude>
    <ClInclude Include="Source\Render\UI\Widget\Collision\Public\CapsuleComponentWidget.h">
      <Filter>Source\Render\UI\Widget\Collision\Public</Filter>
    </ClInclude>
    <ClInclude Include="Source\Render\UI\Widget\Collision\Public\SphereComponentWidget.h">
      <Filter>Source\Render\UI\Widget\Collision\Public</Filter>
    </ClInclude>
    <ClInclude Include="Source\Render\UI\Widget\Public\ActorDetailWidget.h">
      <Filter>Source\Render\UI\Widget\Public</Filter>
    </ClInclude>
    <ClInclude Include="Source\Render\UI\Widget\Public\ActorTerminationWidget.h">
      <Filter>Source\Render\UI\Widget\Public</Filter>
    </ClInclude>
    <ClInclude Include="Source\Render\UI\Widget\Public\AmbientLightComponentWidget.h">
      <Filter>Source\Render\UI\Widget\Public</Filter>
    </ClInclude>
    <ClInclude Include="Source\Render\UI\Widget\Public\ConsoleWidget.h">
      <Filter>Source\Render\UI\Widget\Public</Filter>
    </ClInclude>
    <ClInclude Include="Source\Render\UI\Widget\Public\DecalTextureSelectionWidget.h">
      <Filter>Source\Render\UI\Widget\Public</Filter>
    </ClInclude>
    <ClInclude Include="Source\Render\UI\Widget\Public\FPSWidget.h">
      <Filter>Source\Render\UI\Widget\Public</Filter>
    </ClInclude>
    <ClInclude Include="Source\Render\UI\Widget\Public\HeightFogComponentWidget.h">
      <Filter>Source\Render\UI\Widget\Public</Filter>
    </ClInclude>
    <ClInclude Include="Source\Render\UI\Widget\Public\InputInformationWidget.h">
      <Filter>Source\Render\UI\Widget\Public</Filter>
    </ClInclude>
    <ClInclude Include="Source\Render\UI\Widget\Public\LevelTabBarWidget.h">
      <Filter>Source\Render\UI\Widget\Public</Filter>
    </ClInclude>
    <ClInclude Include="Source\Render\UI\Widget\Public\MainBarWidget.h">
      <Filter>Source\Render\UI\Widget\Public</Filter>
    </ClInclude>
    <ClInclude Include="Source\Render\UI\Widget\Public\ActorSpawnWidget.h">
      <Filter>Source\Render\UI\Widget\Public</Filter>
    </ClInclude>
    <ClInclude Include="Source\Render\UI\Widget\Public\DirectionalLightComponentWidget.h">
      <Filter>Source\Render\UI\Widget\Public</Filter>
    </ClInclude>
    <ClInclude Include="Source\Render\UI\Widget\Public\PointLightComponentWidget.h">
      <Filter>Source\Render\UI\Widget\Public</Filter>
    </ClInclude>
    <ClInclude Include="Source\Render\UI\Widget\Public\ProjectileMovementComponentWidget.h">
      <Filter>Source\Render\UI\Widget\Public</Filter>
    </ClInclude>
    <ClInclude Include="Source\Render\UI\Widget\Public\RotatingMovementComponentWidget.h">
      <Filter>Source\Render\UI\Widget\Public</Filter>
    </ClInclude>
    <ClInclude Include="Source\Render\UI\Widget\Public\SceneHierarchyWidget.h">
      <Filter>Source\Render\UI\Widget\Public</Filter>
    </ClInclude>
    <ClInclude Include="Source\Render\UI\Widget\Public\SceneIOWidget.h">
      <Filter>Source\Render\UI\Widget\Public</Filter>
    </ClInclude>
    <ClInclude Include="Source\Render\UI\Widget\Public\SetTextComponentWidget.h">
      <Filter>Source\Render\UI\Widget\Public</Filter>
    </ClInclude>
    <ClInclude Include="Source\Render\UI\Widget\Public\SpotLightComponentWidget.h">
      <Filter>Source\Render\UI\Widget\Public</Filter>
    </ClInclude>
    <ClInclude Include="Source\Render\UI\Widget\Public\SpriteSelectionWidget.h">
      <Filter>Source\Render\UI\Widget\Public</Filter>
    </ClInclude>
    <ClInclude Include="Source\Render\UI\Widget\Public\StaticMeshComponentWidget.h">
      <Filter>Source\Render\UI\Widget\Public</Filter>
    </ClInclude>
    <ClInclude Include="Source\Render\UI\Widget\Public\StatusBarWidget.h">
      <Filter>Source\Render\UI\Widget\Public</Filter>
    </ClInclude>
    <ClInclude Include="Source\Render\UI\Widget\Public\ViewportControlWidget.h">
      <Filter>Source\Render\UI\Widget\Public</Filter>
    </ClInclude>
    <ClInclude Include="Source\Render\UI\Widget\Public\ViewportMenuBarWidget.h">
      <Filter>Source\Render\UI\Widget\Public</Filter>
    </ClInclude>
    <ClInclude Include="Source\Render\UI\Widget\Public\Widget.h">
      <Filter>Source\Render\UI\Widget\Public</Filter>
    </ClInclude>
    <ClInclude Include="Source\Render\UI\Factory\Public\UIWindowFactory.h">
      <Filter>Source\Render\UI\Factory\Public</Filter>
    </ClInclude>
    <ClInclude Include="Source\Render\UI\ImGui\Public\ImGuiHelper.h">
      <Filter>Source\Render\UI\ImGui\Public</Filter>
    </ClInclude>
    <ClInclude Include="Source\Render\UI\Layout\Public\Splitter.h">
      <Filter>Source\Render\UI\Layout\Public</Filter>
    </ClInclude>
    <ClInclude Include="Source\Render\UI\Layout\Public\SplitterH.h">
      <Filter>Source\Render\UI\Layout\Public</Filter>
    </ClInclude>
    <ClInclude Include="Source\Render\UI\Layout\Public\SplitterV.h">
      <Filter>Source\Render\UI\Layout\Public</Filter>
    </ClInclude>
    <ClInclude Include="Source\Render\UI\Viewport\Public\Viewport.h">
      <Filter>Source\Render\UI\Viewport\Public</Filter>
    </ClInclude>
    <ClInclude Include="Source\Render\UI\Viewport\Public\ViewportClient.h">
      <Filter>Source\Render\UI\Viewport\Public</Filter>
    </ClInclude>
    <ClInclude Include="Source\Render\UI\Viewport\Public\Window.h">
      <Filter>Source\Render\UI\Viewport\Public</Filter>
    </ClInclude>
    <ClInclude Include="Source\Render\UI\Window\Public\ConsoleWindow.h">
      <Filter>Source\Render\UI\Window\Public</Filter>
    </ClInclude>
    <ClInclude Include="Source\Render\UI\Window\Public\ControlPanelWindow.h">
      <Filter>Source\Render\UI\Window\Public</Filter>
    </ClInclude>
    <ClInclude Include="Source\Render\UI\Window\Public\EditorWindow.h">
      <Filter>Source\Render\UI\Window\Public</Filter>
    </ClInclude>
    <ClInclude Include="Source\Render\UI\Window\Public\ExperimentalFeatureWindow.h">
      <Filter>Source\Render\UI\Window\Public</Filter>
    </ClInclude>
    <ClInclude Include="Source\Render\UI\Window\Public\LevelTabBarWindow.h">
      <Filter>Source\Render\UI\Window\Public</Filter>
    </ClInclude>
    <ClInclude Include="Source\Render\UI\Window\Public\MainMenuWindow.h">
      <Filter>Source\Render\UI\Window\Public</Filter>
    </ClInclude>
    <ClInclude Include="Source\Render\UI\Window\Public\OutlinerWindow.h">
      <Filter>Source\Render\UI\Window\Public</Filter>
    </ClInclude>
    <ClInclude Include="Source\Render\UI\Window\Public\DetailWindow.h">
      <Filter>Source\Render\UI\Window\Public</Filter>
    </ClInclude>
    <ClInclude Include="Source\Render\UI\Window\Public\UIWindow.h">
      <Filter>Source\Render\UI\Window\Public</Filter>
    </ClInclude>
    <ClInclude Include="Source\Render\UI\Window\Public\ViewportClientWindow.h">
      <Filter>Source\Render\UI\Window\Public</Filter>
    </ClInclude>
    <ClInclude Include="Source\Texture\Public\ShadowMapResources.h">
      <Filter>Source\Texture\Public</Filter>
    </ClInclude>
    <ClInclude Include="Source\Texture\Public\Material.h">
      <Filter>Source\Texture\Public</Filter>
    </ClInclude>
    <ClInclude Include="Source\Texture\Public\Texture.h">
      <Filter>Source\Texture\Public</Filter>
    </ClInclude>
    <ClInclude Include="Source\Texture\Public\TextureFilter.h">
      <Filter>Source\Texture\Public</Filter>
    </ClInclude>
    <ClInclude Include="Source\Texture\Public\TextureRenderProxy.h">
      <Filter>Source\Texture\Public</Filter>
    </ClInclude>
    <ClInclude Include="Source\Utility\Public\JsonSerializer.h">
      <Filter>Source\Utility\Public</Filter>
    </ClInclude>
    <ClInclude Include="Source\Utility\Public\LogFileWriter.h">
      <Filter>Source\Utility\Public</Filter>
    </ClInclude>
    <ClInclude Include="Source\Utility\Public\ScopeCycleCounter.h">
      <Filter>Source\Utility\Public</Filter>
    </ClInclude>
    <ClInclude Include="Source\Utility\Public\UELogParser.h">
      <Filter>Source\Utility\Public</Filter>
    </ClInclude>
  </ItemGroup>
  <ItemGroup>
    <None Include="Asset\Shader\ClusteredRenderingCS.hlsli">
      <Filter>Asset\Shader</Filter>
    </None>
    <None Include="Asset\Shader\LightStructures.hlsli">
      <Filter>Asset\Shader</Filter>
    </None>
  </ItemGroup>
  <ItemGroup>
    <Filter Include="Source">
      <UniqueIdentifier>{619cabfc-eb9a-4f64-92a6-8ee48eee125c}</UniqueIdentifier>
    </Filter>
    <Filter Include="Source\GameMode">
      <UniqueIdentifier>{855bb69a-b27b-427b-af32-fcc01beec944}</UniqueIdentifier>
    </Filter>
    <Filter Include="Source\GameMode\Private">
      <UniqueIdentifier>{5d2729b6-a039-4356-adeb-5a4a278bbe09}</UniqueIdentifier>
    </Filter>
    <Filter Include="Source\Pawn">
      <UniqueIdentifier>{3832e908-1f2d-4221-947b-e5552b0c04d1}</UniqueIdentifier>
    </Filter>
    <Filter Include="Source\Pawn\Private">
      <UniqueIdentifier>{c1492475-fe80-435a-98d4-aa7224af647a}</UniqueIdentifier>
    </Filter>
    <Filter Include="Source\Player">
      <UniqueIdentifier>{b25fcead-995b-414c-924a-682fad7b86de}</UniqueIdentifier>
    </Filter>
    <Filter Include="Source\Player\Private">
      <UniqueIdentifier>{ec0a2e38-ffd2-44c5-9764-fff4d07e7080}</UniqueIdentifier>
    </Filter>
    <Filter Include="Source\GameMode\Public">
      <UniqueIdentifier>{952a4551-0b35-45a5-8242-0fe5205385b1}</UniqueIdentifier>
    </Filter>
    <Filter Include="Source\Pawn\Public">
      <UniqueIdentifier>{b5e75dcd-93c3-483f-9374-4d1dab2c6754}</UniqueIdentifier>
    </Filter>
    <Filter Include="Source\Player\Public">
      <UniqueIdentifier>{760206b5-5d92-44e5-bf97-f262fbcb4d43}</UniqueIdentifier>
    </Filter>
    <Filter Include="Source\GamePlay">
      <UniqueIdentifier>{7865d037-f3c1-4298-b610-2beb67dfcc98}</UniqueIdentifier>
    </Filter>
    <Filter Include="Source\GamePlay\Private">
      <UniqueIdentifier>{478dbad9-ffc9-4edb-ae53-8533820146ba}</UniqueIdentifier>
    </Filter>
    <Filter Include="Source\GamePlay\Public">
      <UniqueIdentifier>{b82f907f-562b-4162-b3a4-9f9c10338736}</UniqueIdentifier>
    </Filter>
    <Filter Include="Source\Manager">
      <UniqueIdentifier>{b600b1f7-8d48-4235-874f-3b40b91f864e}</UniqueIdentifier>
    </Filter>
    <Filter Include="Source\Manager\Coroutine">
      <UniqueIdentifier>{6d68e2f4-7b5a-4810-9d8e-5e3ab2e4c7ce}</UniqueIdentifier>
    </Filter>
    <Filter Include="Source\Manager\Coroutine\Private">
      <UniqueIdentifier>{7a057729-90c0-4ebd-8b6d-2e5c658c9492}</UniqueIdentifier>
    </Filter>
    <Filter Include="Source\Manager\Asset">
      <UniqueIdentifier>{dbf7c17e-140c-46f2-b3c8-d52b96eff410}</UniqueIdentifier>
    </Filter>
    <Filter Include="Source\Manager\Asset\Private">
      <UniqueIdentifier>{6d75b13e-5935-4c57-85f4-7dce6c64b521}</UniqueIdentifier>
    </Filter>
    <Filter Include="Source\Manager\Asset\Public">
      <UniqueIdentifier>{df2e3f75-6aa8-497d-ae69-0f2a19c9e472}</UniqueIdentifier>
    </Filter>
    <Filter Include="Source\Manager\Lua">
      <UniqueIdentifier>{1c424f03-b9b2-44fc-8e0c-d2306e1c8f2d}</UniqueIdentifier>
    </Filter>
    <Filter Include="Source\Manager\Lua\Private">
      <UniqueIdentifier>{d1a74dd5-36ed-4269-8d94-7fe48b5c1547}</UniqueIdentifier>
    </Filter>
    <Filter Include="Source\Manager\Lua\Public">
      <UniqueIdentifier>{77ac52e1-cffd-466d-b426-79fc157c0f80}</UniqueIdentifier>
    </Filter>
    <Filter Include="Source\Manager\Render">
      <UniqueIdentifier>{3e5a51af-ffd8-455a-941a-142c63ae29d2}</UniqueIdentifier>
    </Filter>
    <Filter Include="Source\Manager\Render\Private">
      <UniqueIdentifier>{17a5ab34-e2ef-4712-8ff1-ff041ff528fa}</UniqueIdentifier>
    </Filter>
    <Filter Include="Source\Manager\Render\Public">
      <UniqueIdentifier>{a1de50e5-f824-472e-8f5a-b26ba067e576}</UniqueIdentifier>
    </Filter>
    <Filter Include="Source\Manager\UI">
      <UniqueIdentifier>{7f74707f-bb29-40a3-b86d-443c1752927c}</UniqueIdentifier>
    </Filter>
    <Filter Include="Source\Manager\UI\Private">
      <UniqueIdentifier>{967025e0-e5bc-4014-a11f-dc8b1d8d8899}</UniqueIdentifier>
    </Filter>
    <Filter Include="Source\Manager\UI\Public">
      <UniqueIdentifier>{8d5811cf-2c44-4512-b0ae-f962b6e31fe7}</UniqueIdentifier>
    </Filter>
    <Filter Include="Source\Manager\Config">
      <UniqueIdentifier>{d96bb5b3-63d8-4489-83e6-9810bff20ef3}</UniqueIdentifier>
    </Filter>
    <Filter Include="Source\Manager\Config\Private">
      <UniqueIdentifier>{89d134c1-1038-4fd3-b42e-28558ff5bc15}</UniqueIdentifier>
    </Filter>
    <Filter Include="Source\Manager\Config\Public">
      <UniqueIdentifier>{759933a3-2a3b-46e2-9fa0-f48fb98a58aa}</UniqueIdentifier>
    </Filter>
    <Filter Include="Source\Manager\Input">
      <UniqueIdentifier>{7a631512-b909-409d-9993-d735bedc158e}</UniqueIdentifier>
    </Filter>
    <Filter Include="Source\Manager\Input\Private">
      <UniqueIdentifier>{4ff1243d-6fc0-4436-9036-6c7756aa3394}</UniqueIdentifier>
    </Filter>
    <Filter Include="Source\Manager\Input\Public">
      <UniqueIdentifier>{d10e635c-039d-40d2-bad3-9c4ec6b01f16}</UniqueIdentifier>
    </Filter>
    <Filter Include="Source\Manager\Path">
      <UniqueIdentifier>{df90621e-9d02-49d7-9e8d-d7b92d135b86}</UniqueIdentifier>
    </Filter>
    <Filter Include="Source\Manager\Path\Private">
      <UniqueIdentifier>{84172426-a5ec-45e2-986f-c5112703c949}</UniqueIdentifier>
    </Filter>
    <Filter Include="Source\Manager\Path\Public">
      <UniqueIdentifier>{0fc3f8fa-b680-4c8e-a5f0-2e2c4fbcde3f}</UniqueIdentifier>
    </Filter>
    <Filter Include="Source\Manager\Time">
      <UniqueIdentifier>{9e9d5667-34ec-46c5-b2a7-ef3c8366e306}</UniqueIdentifier>
    </Filter>
    <Filter Include="Source\Manager\Time\Private">
      <UniqueIdentifier>{872e0d81-cd76-46a7-81df-9b3cb2834c20}</UniqueIdentifier>
    </Filter>
    <Filter Include="Source\Manager\Time\Public">
      <UniqueIdentifier>{7d11208d-b5f2-4131-8d2f-a1c366da6c6f}</UniqueIdentifier>
    </Filter>
    <Filter Include="Source\Physics">
      <UniqueIdentifier>{7f11cd57-81f3-43bf-91ea-b4237d626cda}</UniqueIdentifier>
    </Filter>
    <Filter Include="Source\Physics\Public">
      <UniqueIdentifier>{2cffab59-388d-4892-925d-efe39458a1a1}</UniqueIdentifier>
    </Filter>
    <Filter Include="Source\Physics\Private">
      <UniqueIdentifier>{308ca9d9-f1bc-47f5-a8a8-1d9ca55c8d0d}</UniqueIdentifier>
    </Filter>
    <Filter Include="Source\Actor">
      <UniqueIdentifier>{c0dc2571-7e49-45bc-9c6c-f28333f0879b}</UniqueIdentifier>
    </Filter>
    <Filter Include="Source\Actor\Private">
      <UniqueIdentifier>{0383298a-da4a-4893-9eff-44c395088ff6}</UniqueIdentifier>
    </Filter>
    <Filter Include="Source\Actor\Public">
      <UniqueIdentifier>{90d01ccd-a37b-40d7-8aab-2235d827cd49}</UniqueIdentifier>
    </Filter>
    <Filter Include="Source\Component">
      <UniqueIdentifier>{7dfb619e-2ade-439f-80c7-882e4d193d70}</UniqueIdentifier>
    </Filter>
    <Filter Include="Source\Component\Collision">
      <UniqueIdentifier>{6b753327-6f2d-46ba-be57-4e9f7b01f8be}</UniqueIdentifier>
    </Filter>
    <Filter Include="Source\Component\Collision\Private">
      <UniqueIdentifier>{a483c5cf-2aa7-4cf1-b778-eea6b84d3613}</UniqueIdentifier>
    </Filter>
    <Filter Include="Source\Component\Collision\Public">
      <UniqueIdentifier>{a6c2efde-690d-47a9-bb4b-97c6a5686a32}</UniqueIdentifier>
    </Filter>
    <Filter Include="Source\Component\Mesh">
      <UniqueIdentifier>{55a91077-12cf-4e40-b85e-ff3ef9a8d8a2}</UniqueIdentifier>
    </Filter>
    <Filter Include="Source\Component\Mesh\Private">
      <UniqueIdentifier>{20283ffc-f147-45ef-8ee4-04a998c7fc70}</UniqueIdentifier>
    </Filter>
    <Filter Include="Source\Component\Mesh\Public">
      <UniqueIdentifier>{6a67b4be-b62c-4019-a8d1-b32292ca2ce2}</UniqueIdentifier>
    </Filter>
    <Filter Include="Source\Component\Private">
      <UniqueIdentifier>{b542fa85-e798-4388-8c98-68b42d1a9c2d}</UniqueIdentifier>
    </Filter>
    <Filter Include="Source\Component\Public">
      <UniqueIdentifier>{84bf8e08-a1ca-42d3-a440-095d9bdb695b}</UniqueIdentifier>
    </Filter>
    <Filter Include="Source\Core">
      <UniqueIdentifier>{f6a2ece0-f58a-414c-9ca8-52140107abea}</UniqueIdentifier>
    </Filter>
    <Filter Include="Source\Core\Private">
      <UniqueIdentifier>{93963e81-8d07-4582-ad17-eef68f5da797}</UniqueIdentifier>
    </Filter>
    <Filter Include="Source\Core\Public">
      <UniqueIdentifier>{f831767a-ea2d-4981-9fc7-c65597babb38}</UniqueIdentifier>
    </Filter>
    <Filter Include="Source\Editor">
      <UniqueIdentifier>{c31d96c0-c0f4-45f5-98af-97ee24f3b6bc}</UniqueIdentifier>
    </Filter>
    <Filter Include="Source\Editor\Private">
      <UniqueIdentifier>{fc926fa5-84ef-4c56-bde3-2cfe44aabdf8}</UniqueIdentifier>
    </Filter>
    <Filter Include="Source\Editor\Public">
      <UniqueIdentifier>{c164606e-08ea-4d68-ae54-b2e9dc9728e4}</UniqueIdentifier>
    </Filter>
    <Filter Include="Source\Global">
      <UniqueIdentifier>{01cd74d0-c430-4e72-9ae9-cec48a251d4d}</UniqueIdentifier>
    </Filter>
    <Filter Include="Source\Level">
      <UniqueIdentifier>{8eb3297a-c7f7-4bd2-b0e7-2d6d32c7a636}</UniqueIdentifier>
    </Filter>
    <Filter Include="Source\Level\Private">
      <UniqueIdentifier>{e003b8d3-1f04-48cf-b00b-723580900bc3}</UniqueIdentifier>
    </Filter>
    <Filter Include="Source\Level\Public">
      <UniqueIdentifier>{8a203a05-15df-4cb7-9998-3da19bbfde4d}</UniqueIdentifier>
    </Filter>
    <Filter Include="Source\Optimization">
      <UniqueIdentifier>{3ebf0e65-4d07-4d4a-bb2f-a18401089f65}</UniqueIdentifier>
    </Filter>
    <Filter Include="Source\Optimization\Private">
      <UniqueIdentifier>{ba353264-bca8-4652-aa60-a28e74255552}</UniqueIdentifier>
    </Filter>
    <Filter Include="Source\Optimization\Public">
      <UniqueIdentifier>{11cb2689-4d55-49d3-802e-4bee4e2c00bd}</UniqueIdentifier>
    </Filter>
    <Filter Include="Source\ImGui">
      <UniqueIdentifier>{160a9166-1783-4201-baf2-c989496e303a}</UniqueIdentifier>
    </Filter>
    <Filter Include="Source\Render">
      <UniqueIdentifier>{99aa4d78-2ac1-48c7-abc2-f4808fdad0e5}</UniqueIdentifier>
    </Filter>
    <Filter Include="Source\Render\Renderer">
      <UniqueIdentifier>{8d0beb49-3028-44b5-9166-bff082b54e57}</UniqueIdentifier>
    </Filter>
    <Filter Include="Source\Render\Renderer\Private">
      <UniqueIdentifier>{c9bfe28a-8087-46b6-a7cf-3b9eb251bac6}</UniqueIdentifier>
    </Filter>
    <Filter Include="Source\Render\Renderer\Public">
      <UniqueIdentifier>{2e86cd36-4cb4-419d-a0c6-1b65b88c7500}</UniqueIdentifier>
    </Filter>
    <Filter Include="Source\Render\RenderPass">
      <UniqueIdentifier>{35fb4688-0c3b-4aa7-b995-92e9d9fb489a}</UniqueIdentifier>
    </Filter>
    <Filter Include="Source\Render\RenderPass\Private">
      <UniqueIdentifier>{e34f560e-29c3-4f4d-a496-a37632591500}</UniqueIdentifier>
    </Filter>
    <Filter Include="Source\Render\RenderPass\Public">
      <UniqueIdentifier>{f6f6faba-ae30-4b28-bac4-769c3396bb77}</UniqueIdentifier>
    </Filter>
    <Filter Include="Source\Render\HitProxy">
      <UniqueIdentifier>{15a5fcd5-2e5f-4d3d-9dbf-6a2191f5e777}</UniqueIdentifier>
    </Filter>
    <Filter Include="Source\Render\HitProxy\Private">
      <UniqueIdentifier>{4e01f42b-3d8d-47c2-9bff-c961bcce32dd}</UniqueIdentifier>
    </Filter>
    <Filter Include="Source\Render\HitProxy\Public">
      <UniqueIdentifier>{410da44b-0a4e-4e27-8897-35bb313e06dc}</UniqueIdentifier>
    </Filter>
    <Filter Include="Source\Render\Shadow">
      <UniqueIdentifier>{bb565e85-9aaf-4957-9b10-aa763b568f30}</UniqueIdentifier>
    </Filter>
    <Filter Include="Source\Render\Shadow\Private">
      <UniqueIdentifier>{ed9c714e-869e-4f0e-8041-56906634576b}</UniqueIdentifier>
    </Filter>
    <Filter Include="Source\Render\Shadow\Public">
      <UniqueIdentifier>{2e23aaf6-823c-4476-87cb-9849518c757f}</UniqueIdentifier>
    </Filter>
    <Filter Include="Source\Render\UI">
      <UniqueIdentifier>{5891f203-f595-45d8-9ccb-709564a0670c}</UniqueIdentifier>
    </Filter>
    <Filter Include="Source\Render\UI\Overlay">
      <UniqueIdentifier>{2f9a8de6-b142-46bc-bea5-0c621cadba40}</UniqueIdentifier>
    </Filter>
    <Filter Include="Source\Render\UI\Overlay\Private">
      <UniqueIdentifier>{fb7a4685-53a4-4ef2-82d6-e15bc1c5c9a4}</UniqueIdentifier>
    </Filter>
    <Filter Include="Source\Render\UI\Overlay\Public">
      <UniqueIdentifier>{c5cf6893-f9f6-4ae7-88fb-befc9e1d4fe6}</UniqueIdentifier>
    </Filter>
    <Filter Include="Source\Render\UI\Widget">
      <UniqueIdentifier>{ca523be7-33d4-42e4-b8c0-c854cd59f6bc}</UniqueIdentifier>
    </Filter>
    <Filter Include="Source\Render\UI\Widget\Collision">
      <UniqueIdentifier>{6a660aa4-1575-4a39-b4a4-fce580f290c9}</UniqueIdentifier>
    </Filter>
    <Filter Include="Source\Render\UI\Widget\Collision\Private">
      <UniqueIdentifier>{882c1650-4242-4fbb-8407-655538c90d75}</UniqueIdentifier>
    </Filter>
    <Filter Include="Source\Render\UI\Widget\Collision\Public">
      <UniqueIdentifier>{a2277150-399f-4652-b7cc-de12dced7c8a}</UniqueIdentifier>
    </Filter>
    <Filter Include="Source\Render\UI\Widget\Private">
      <UniqueIdentifier>{63599024-e0f3-401d-8a00-138882f95a6a}</UniqueIdentifier>
    </Filter>
    <Filter Include="Source\Render\UI\Widget\Public">
      <UniqueIdentifier>{8e7c28b1-b00d-402e-9ee1-07d4e9fea341}</UniqueIdentifier>
    </Filter>
    <Filter Include="Source\Render\UI\Factory">
      <UniqueIdentifier>{5650cfa0-2151-4774-ac51-0b2ec947fbb0}</UniqueIdentifier>
    </Filter>
    <Filter Include="Source\Render\UI\Factory\Private">
      <UniqueIdentifier>{3512ab37-c3a4-44f7-8c2f-8efccfe6e444}</UniqueIdentifier>
    </Filter>
    <Filter Include="Source\Render\UI\Factory\Public">
      <UniqueIdentifier>{6aeecf34-d0fc-404e-a122-8cc0bf89c843}</UniqueIdentifier>
    </Filter>
    <Filter Include="Source\Render\UI\ImGui">
      <UniqueIdentifier>{479a2bed-1a8b-47cc-8d4d-72b8750fe35b}</UniqueIdentifier>
    </Filter>
    <Filter Include="Source\Render\UI\ImGui\Private">
      <UniqueIdentifier>{4617503c-f14e-44de-b1b6-b20266823089}</UniqueIdentifier>
    </Filter>
    <Filter Include="Source\Render\UI\ImGui\Public">
      <UniqueIdentifier>{e493d423-b8fa-4e3e-b272-981a9ab6bf4e}</UniqueIdentifier>
    </Filter>
    <Filter Include="Source\Render\UI\Layout">
      <UniqueIdentifier>{bdffc814-3850-4e5a-97ae-ae088521f185}</UniqueIdentifier>
    </Filter>
    <Filter Include="Source\Render\UI\Layout\Private">
      <UniqueIdentifier>{8a6e8042-feda-43a6-9446-b14a5b4bdab8}</UniqueIdentifier>
    </Filter>
    <Filter Include="Source\Render\UI\Layout\Public">
      <UniqueIdentifier>{bfdb0356-0508-424b-ab22-937bdcd36495}</UniqueIdentifier>
    </Filter>
    <Filter Include="Source\Render\UI\Viewport">
      <UniqueIdentifier>{26a49498-ded7-44f4-a6b3-9218236e9541}</UniqueIdentifier>
    </Filter>
    <Filter Include="Source\Render\UI\Viewport\Private">
      <UniqueIdentifier>{560a1957-cca6-4bfa-87ba-0b1abae6bf62}</UniqueIdentifier>
    </Filter>
    <Filter Include="Source\Render\UI\Viewport\Public">
      <UniqueIdentifier>{39f4860f-fea0-4268-9e88-73a58f30b64f}</UniqueIdentifier>
    </Filter>
    <Filter Include="Source\Render\UI\Window">
      <UniqueIdentifier>{6d41b9d9-916c-4c98-8317-28011dc4eed1}</UniqueIdentifier>
    </Filter>
    <Filter Include="Source\Render\UI\Window\Private">
      <UniqueIdentifier>{1aefb21d-7183-4325-8f23-a9bbcf294a30}</UniqueIdentifier>
    </Filter>
    <Filter Include="Source\Render\UI\Window\Public">
      <UniqueIdentifier>{82f68377-ce0a-40d4-8353-cc4850b04ad1}</UniqueIdentifier>
    </Filter>
    <Filter Include="Source\Texture">
      <UniqueIdentifier>{f47d7acb-ee70-4563-8b17-d9b95d90342f}</UniqueIdentifier>
    </Filter>
    <Filter Include="Source\Texture\Private">
      <UniqueIdentifier>{eb2d107d-9807-4ca8-95e7-782d0e2977e9}</UniqueIdentifier>
    </Filter>
    <Filter Include="Source\Texture\Public">
      <UniqueIdentifier>{ee8eeed7-73ba-4bc5-a594-16e3d80a8aa0}</UniqueIdentifier>
    </Filter>
    <Filter Include="Source\Utility">
      <UniqueIdentifier>{1de5386f-a62c-48c0-a47f-5d8badf72e27}</UniqueIdentifier>
    </Filter>
    <Filter Include="Source\Utility\Private">
      <UniqueIdentifier>{69bf9d81-553c-4ac6-a46c-6ea4bb1e7cc1}</UniqueIdentifier>
    </Filter>
    <Filter Include="Source\Utility\Public">
      <UniqueIdentifier>{03ff886f-af88-4622-a64b-c2f71aa82222}</UniqueIdentifier>
    </Filter>
    <Filter Include="Asset">
      <UniqueIdentifier>{51099677-92d7-42f6-9492-24e7ee742b8e}</UniqueIdentifier>
    </Filter>
    <Filter Include="Asset\Shader">
      <UniqueIdentifier>{b510619a-a849-4f9a-8832-307109dafc30}</UniqueIdentifier>
    </Filter>
  </ItemGroup>
  <ItemGroup>
    <ResourceCompile Include="Engine.rc" />
  </ItemGroup>
</Project>