<?xml version="1.0" encoding="utf-8"?>
<Project ToolsVersion="4.0" xmlns="http://schemas.microsoft.com/developer/msbuild/2003">
  <ItemGroup>
    <Filter Include="소스 파일">
      <UniqueIdentifier>{4FC737F1-C7A5-4376-A066-2A32D752A2FF}</UniqueIdentifier>
      <Extensions>cpp;c;cc;cxx;c++;cppm;ixx;def;odl;idl;hpj;bat;asm;asmx</Extensions>
    </Filter>
    <Filter Include="헤더 파일">
      <UniqueIdentifier>{93995380-89BD-4b04-88EB-625FBE52EBFB}</UniqueIdentifier>
      <Extensions>h;hh;hpp;hxx;h++;hm;inl;inc;ipp;xsd</Extensions>
    </Filter>
    <Filter Include="리소스 파일">
      <UniqueIdentifier>{67DA6AB6-F800-4c08-8B7A-83BB121AAD01}</UniqueIdentifier>
      <Extensions>rc;ico;cur;bmp;dlg;rc2;rct;bin;rgs;gif;jpg;jpeg;jpe;resx;tiff;tif;png;wav;mfcribbon-ms</Extensions>
    </Filter>
    <Filter Include="ImGui">
      <UniqueIdentifier>{aaa6aa0c-fff0-4e6a-9f9a-6708d58f27c6}</UniqueIdentifier>
    </Filter>
    <Filter Include="Shader">
      <UniqueIdentifier>{6de9fc94-36c1-48a9-9a74-0b397a28b491}</UniqueIdentifier>
    </Filter>
    <Filter Include="헤더 파일\Shape">
      <UniqueIdentifier>{e50f2e3f-b8f9-4884-a64e-d7650cdfbc4c}</UniqueIdentifier>
    </Filter>
    <Filter Include="헤더 파일\Util">
      <UniqueIdentifier>{f39110df-20f4-4594-b8e6-cf620d6a6e20}</UniqueIdentifier>
    </Filter>
    <Filter Include="소스 파일\Util">
      <UniqueIdentifier>{50bd747d-e422-49fe-b4a7-8e0ca4d7d1c4}</UniqueIdentifier>
    </Filter>
    <Filter Include="헤더 파일\Wrapping">
      <UniqueIdentifier>{eda3a8f1-402a-4a87-8a67-76ca986326b6}</UniqueIdentifier>
    </Filter>
    <Filter Include="SimpleJSON">
      <UniqueIdentifier>{20fe9c19-d904-4ee5-9f52-1305ce8dd846}</UniqueIdentifier>
    </Filter>
  </ItemGroup>
  <ItemGroup>
    <ClCompile Include="ImGui\imgui.cpp">
      <Filter>ImGui</Filter>
    </ClCompile>
    <ClCompile Include="ImGui\imgui_demo.cpp">
      <Filter>ImGui</Filter>
    </ClCompile>
    <ClCompile Include="ImGui\imgui_draw.cpp">
      <Filter>ImGui</Filter>
    </ClCompile>
    <ClCompile Include="ImGui\imgui_impl_dx11.cpp">
      <Filter>ImGui</Filter>
    </ClCompile>
    <ClCompile Include="ImGui\imgui_impl_win32.cpp">
      <Filter>ImGui</Filter>
    </ClCompile>
    <ClCompile Include="ImGui\imgui_tables.cpp">
      <Filter>ImGui</Filter>
    </ClCompile>
    <ClCompile Include="ImGui\imgui_widgets.cpp">
      <Filter>ImGui</Filter>
    </ClCompile>
    <ClCompile Include="main.cpp">
      <Filter>소스 파일</Filter>
    </ClCompile>
    <ClCompile Include="UD3dDevice.cpp">
      <Filter>소스 파일</Filter>
    </ClCompile>
    <ClCompile Include="URenderer.cpp">
      <Filter>소스 파일</Filter>
    </ClCompile>
    <ClCompile Include="UShader.cpp">
      <Filter>소스 파일</Filter>
    </ClCompile>
    <ClCompile Include="UUIManager.cpp">
      <Filter>소스 파일</Filter>
    </ClCompile>
    <ClCompile Include="FTransform.cpp">
      <Filter>소스 파일\Util</Filter>
    </ClCompile>
    <ClCompile Include="Math.h">
      <Filter>헤더 파일\Util</Filter>
    </ClCompile>
    <ClCompile Include="UCamera.cpp">
      <Filter>소스 파일</Filter>
    </ClCompile>
    <ClCompile Include="CInputManager.cpp">
      <Filter>소스 파일</Filter>
    </ClCompile>
    <ClCompile Include="FRay.h">
      <Filter>헤더 파일</Filter>
    </ClCompile>
    <ClCompile Include="UObject.cpp">
      <Filter>소스 파일</Filter>
    </ClCompile>
    <ClCompile Include="UPrimitiveComponent.cpp">
      <Filter>소스 파일</Filter>
    </ClCompile>
    <ClCompile Include="UCubeComp.cpp">
      <Filter>소스 파일</Filter>
    </ClCompile>
    <ClCompile Include="CSceneSerializer.cpp">
      <Filter>소스 파일</Filter>
    </ClCompile>
    <ClCompile Include="FScene.cpp">
      <Filter>소스 파일</Filter>
    </ClCompile>
    <ClCompile Include="USphereComp.cpp">
      <Filter>소스 파일</Filter>
    </ClCompile>
    <ClCompile Include="UEngineStatics.cpp">
      <Filter>소스 파일</Filter>
    </ClCompile>
    <ClCompile Include="WorldGizmo.cpp">
      <Filter>소스 파일</Filter>
    </ClCompile>
    <ClCompile Include="Gizmo.cpp">
      <Filter>소스 파일</Filter>
    </ClCompile>
    <ClCompile Include="ShapeData.cpp">
      <Filter>소스 파일</Filter>
    </ClCompile>
    <ClCompile Include="Cube.cpp">
      <Filter>헤더 파일\Shape</Filter>
    </ClCompile>
    <ClCompile Include="LocalGizmo.cpp">
      <Filter>소스 파일</Filter>
    </ClCompile>
  </ItemGroup>
  <ItemGroup>
    <ClInclude Include="ImGui\imconfig.h">
      <Filter>ImGui</Filter>
    </ClInclude>
    <ClInclude Include="ImGui\imgui.h">
      <Filter>ImGui</Filter>
    </ClInclude>
    <ClInclude Include="ImGui\imgui_impl_dx11.h">
      <Filter>ImGui</Filter>
    </ClInclude>
    <ClInclude Include="ImGui\imgui_impl_win32.h">
      <Filter>ImGui</Filter>
    </ClInclude>
    <ClInclude Include="ImGui\imgui_internal.h">
      <Filter>ImGui</Filter>
    </ClInclude>
    <ClInclude Include="ImGui\imstb_rectpack.h">
      <Filter>ImGui</Filter>
    </ClInclude>
    <ClInclude Include="ImGui\imstb_textedit.h">
      <Filter>ImGui</Filter>
    </ClInclude>
    <ClInclude Include="ImGui\imstb_truetype.h">
      <Filter>ImGui</Filter>
    </ClInclude>
    <ClInclude Include="FVertexStruct.h">
      <Filter>헤더 파일</Filter>
    </ClInclude>
    <ClInclude Include="UD3dDevice.h">
      <Filter>헤더 파일</Filter>
    </ClInclude>
    <ClInclude Include="URenderer.h">
      <Filter>헤더 파일</Filter>
    </ClInclude>
    <ClInclude Include="UShader.h">
      <Filter>헤더 파일</Filter>
    </ClInclude>
    <ClInclude Include="UUIManager.h">
      <Filter>헤더 파일</Filter>
    </ClInclude>
    <ClInclude Include="FTransform.h">
      <Filter>헤더 파일\Util</Filter>
    </ClInclude>
    <ClInclude Include="UCamera.h">
      <Filter>헤더 파일</Filter>
    </ClInclude>
    <ClInclude Include="Sphere.h">
      <Filter>헤더 파일\Shape</Filter>
    </ClInclude>
    <ClInclude Include="Cube.h">
      <Filter>헤더 파일\Shape</Filter>
    </ClInclude>
    <ClInclude Include="UObject.h">
      <Filter>헤더 파일</Filter>
    </ClInclude>
    <ClInclude Include="Types.h">
      <Filter>헤더 파일\Wrapping</Filter>
    </ClInclude>
    <ClInclude Include="UEngineStatics.h">
      <Filter>헤더 파일</Filter>
    </ClInclude>
    <ClInclude Include="Containers.h">
      <Filter>헤더 파일\Wrapping</Filter>
    </ClInclude>
    <ClInclude Include="USceneComponent.h">
      <Filter>헤더 파일</Filter>
    </ClInclude>
    <ClInclude Include="UPrimitiveComponent.h">
      <Filter>헤더 파일</Filter>
    </ClInclude>
    <ClInclude Include="UCubeComp.h">
      <Filter>헤더 파일</Filter>
    </ClInclude>
    <ClInclude Include="USphereComp.h">
      <Filter>헤더 파일</Filter>
    </ClInclude>
    <ClInclude Include="CInputManager.h">
      <Filter>헤더 파일</Filter>
    </ClInclude>
    <ClInclude Include="ImGui\imgui_console.h">
      <Filter>ImGui</Filter>
    </ClInclude>
    <ClInclude Include="UPrimitiveTypes.h">
      <Filter>헤더 파일\Shape</Filter>
    </ClInclude>
    <ClInclude Include="CSceneSerializer.h">
      <Filter>헤더 파일</Filter>
    </ClInclude>
    <ClInclude Include="SimpleJSON\json.hpp">
      <Filter>SimpleJSON</Filter>
    </ClInclude>
    <ClInclude Include="FScene.h">
      <Filter>헤더 파일</Filter>
    </ClInclude>
    <ClInclude Include="WorldGizmo.h">
      <Filter>헤더 파일</Filter>
    </ClInclude>
    <ClInclude Include="Gizmo.h">
      <Filter>헤더 파일</Filter>
    </ClInclude>
    <ClInclude Include="Cylinder.h">
      <Filter>헤더 파일\Shape</Filter>
    </ClInclude>
    <ClInclude Include="Cone.h">
      <Filter>헤더 파일\Shape</Filter>
    </ClInclude>
    <ClInclude Include="ShapeData.h">
      <Filter>헤더 파일</Filter>
    </ClInclude>
    <ClInclude Include="ShapeType.h">
      <Filter>헤더 파일</Filter>
    </ClInclude>
    <ClInclude Include="LocalGizmo.h">
      <Filter>헤더 파일</Filter>
    </ClInclude>
  </ItemGroup>
  <ItemGroup>
    <FxCompile Include="ShaderW0.hlsl">
      <Filter>Shader</Filter>
    </FxCompile>
  </ItemGroup>
</Project>